
Microsoft Visual Studio Solution File, Format Version 12.00
# Visual Studio Version 18
VisualStudioVersion = 18.3.11408.92
MinimumVisualStudioVersion = 10.0.40219.1
Project("{FAE04EC0-301F-11D3-BF4B-00C04F79EFBC}") = "MyWebApi", "BackEnd\MyWebApi\MyWebApi.csproj", "{328BD01B-A0BC-4165-9C57-E15536B62BA0}"
EndProject
Project("{FAE04EC0-301F-11D3-BF4B-00C04F79EFBC}") = "NetServer.DAta1", "BackEnd\NetServer.DAta1\NetServer.DAta1.csproj", "{8508E6AB-B222-4306-AB93-183C8B399D19}"
EndProject
Project("{FAE04EC0-301F-11D3-BF4B-00C04F79EFBC}") = "MyApp.Tests", "MyApp.Tests\MyApp.Tests.csproj", "{B4EC034F-3AD1-4D20-95E6-C9D31B81A504}"
EndProject
Global
	GlobalSection(SolutionConfigurationPlatforms) = preSolution
		Debug|Any CPU = Debug|Any CPU
		Debug|x64 = Debug|x64
		Debug|x86 = Debug|x86
		Release|Any CPU = Release|Any CPU
		Release|x64 = Release|x64
		Release|x86 = Release|x86
	EndGlobalSection
	GlobalSection(ProjectConfigurationPlatforms) = postSolution
		{328BD01B-A0BC-4165-9C57-E15536B62BA0}.Debug|Any CPU.ActiveCfg = Debug|Any CPU
		{328BD01B-A0BC-4165-9C57-E15536B62BA0}.Debug|Any CPU.Build.0 = Debug|Any CPU
		{328BD01B-A0BC-4165-9C57-E15536B62BA0}.Debug|x64.ActiveCfg = Debug|Any CPU
		{328BD01B-A0BC-4165-9C57-E15536B62BA0}.Debug|x64.Build.0 = Debug|Any CPU
		{328BD01B-A0BC-4165-9C57-E15536B62BA0}.Debug|x86.ActiveCfg = Debug|Any CPU
		{328BD01B-A0BC-4165-9C57-E15536B62BA0}.Debug|x86.Build.0 = Debug|Any CPU
		{328BD01B-A0BC-4165-9C57-E15536B62BA0}.Release|Any CPU.ActiveCfg = Release|Any CPU
		{328BD01B-A0BC-4165-9C57-E15536B62BA0}.Release|Any CPU.Build.0 = Release|Any CPU
		{328BD01B-A0BC-4165-9C57-E15536B62BA0}.Release|x64.ActiveCfg = Release|Any CPU
		{328BD01B-A0BC-4165-9C57-E15536B62BA0}.Release|x64.Build.0 = Release|Any CPU
		{328BD01B-A0BC-4165-9C57-E15536B62BA0}.Release|x86.ActiveCfg = Release|Any CPU
		{328BD01B-A0BC-4165-9C57-E15536B62BA0}.Release|x86.Build.0 = Release|Any CPU
		{8508E6AB-B222-4306-AB93-183C8B399D19}.Debug|Any CPU.ActiveCfg = Debug|Any CPU
		{8508E6AB-B222-4306-AB93-183C8B399D19}.Debug|Any CPU.Build.0 = Debug|Any CPU
		{8508E6AB-B222-4306-AB93-183C8B399D19}.Debug|x64.ActiveCfg = Debug|Any CPU
		{8508E6AB-B222-4306-AB93-183C8B399D19}.Debug|x64.Build.0 = Debug|Any CPU
		{8508E6AB-B222-4306-AB93-183C8B399D19}.Debug|x86.ActiveCfg = Debug|Any CPU
		{8508E6AB-B222-4306-AB93-183C8B399D19}.Debug|x86.Build.0 = Debug|Any CPU
		{8508E6AB-B222-4306-AB93-183C8B399D19}.Release|Any CPU.ActiveCfg = Release|Any CPU
		{8508E6AB-B222-4306-AB93-183C8B399D19}.Release|Any CPU.Build.0 = Release|Any CPU
		{8508E6AB-B222-4306-AB93-183C8B399D19}.Release|x64.ActiveCfg = Release|Any CPU
		{8508E6AB-B222-4306-AB93-183C8B399D19}.Release|x64.Build.0 = Release|Any CPU
		{8508E6AB-B222-4306-AB93-183C8B399D19}.Release|x86.ActiveCfg = Release|Any CPU
		{8508E6AB-B222-4306-AB93-183C8B399D19}.Release|x86.Build.0 = Release|Any CPU
		{B4EC034F-3AD1-4D20-95E6-C9D31B81A504}.Debug|Any CPU.ActiveCfg = Debug|Any CPU
		{B4EC034F-3AD1-4D20-95E6-C9D31B81A504}.Debug|Any CPU.Build.0 = Debug|Any CPU
		{B4EC034F-3AD1-4D20-95E6-C9D31B81A504}.Debug|x64.ActiveCfg = Debug|Any CPU
		{B4EC034F-3AD1-4D20-95E6-C9D31B81A504}.Debug|x64.Build.0 = Debug|Any CPU
		{B4EC034F-3AD1-4D20-95E6-C9D31B81A504}.Debug|x86.ActiveCfg = Debug|Any CPU
		{B4EC034F-3AD1-4D20-95E6-C9D31B81A504}.Debug|x86.Build.0 = Debug|Any CPU
		{B4EC034F-3AD1-4D20-95E6-C9D31B81A504}.Release|Any CPU.ActiveCfg = Release|Any CPU
		{B4EC034F-3AD1-4D20-95E6-C9D31B81A504}.Release|Any CPU.Build.0 = Release|Any CPU
		{B4EC034F-3AD1-4D20-95E6-C9D31B81A504}.Release|x64.ActiveCfg = Release|Any CPU
		{B4EC034F-3AD1-4D20-95E6-C9D31B81A504}.Release|x64.Build.0 = Release|Any CPU
		{B4EC034F-3AD1-4D20-95E6-C9D31B81A504}.Release|x86.ActiveCfg = Release|Any CPU
		{B4EC034F-3AD1-4D20-95E6-C9D31B81A504}.Release|x86.Build.0 = Release|Any CPU
	EndGlobalSection
	GlobalSection(SolutionProperties) = preSolution
		HideSolutionNode = FALSE
	EndGlobalSection
	GlobalSection(ExtensibilityGlobals) = postSolution
		SolutionGuid = {2D78FBC7-75DF-479C-9087-73D2FCD910BD}
	EndGlobalSection
EndGlobal
